
Microsoft Visual Studio Solution File, Format Version 12.00
# Visual Studio Version 17
VisualStudioVersion = 17.2.32516.85
MinimumVisualStudioVersion = 10.0.40219.1
Project("{9A19103F-16F7-4668-BE54-9A1E7A4F7556}") = "CatBot", "CatBot\CatBot.csproj", "{BF3AAE74-1997-432A-B10D-227131B98FCF}"
EndProject
Project("{2150E333-8FDC-42A3-9474-1A3956D46DE8}") = "Solution Items", "Solution Items", "{691F7A4A-0361-4295-A111-2583441BBEF5}"
	ProjectSection(SolutionItems) = preProject
		.editorconfig = .editorconfig
	EndProjectSection
EndProject
Global
	GlobalSection(SolutionConfigurationPlatforms) = preSolution
		Debug|Any CPU = Debug|Any CPU
		Release|Any CPU = Release|Any CPU
	EndGlobalSection
	GlobalSection(ProjectConfigurationPlatforms) = postSolution
		{BF3AAE74-1997-432A-B10D-227131B98FCF}.Debug|Any CPU.ActiveCfg = Debug|Any CPU
		{BF3AAE74-1997-432A-B10D-227131B98FCF}.Debug|Any CPU.Build.0 = Debug|Any CPU
		{BF3AAE74-1997-432A-B10D-227131B98FCF}.Release|Any CPU.ActiveCfg = Release|Any CPU
		{BF3AAE74-1997-432A-B10D-227131B98FCF}.Release|Any CPU.Build.0 = Release|Any CPU
	EndGlobalSection
	GlobalSection(SolutionProperties) = preSolution
		HideSolutionNode = FALSE
	EndGlobalSection
	GlobalSection(ExtensibilityGlobals) = postSolution
		SolutionGuid = {A6FCD7AF-FF5C-4EC2-AF20-FF3E574E6C27}
	EndGlobalSection
EndGlobal
